// !$*UTF8*$!
{
	archiveVersion = 1;
	classes = {
	};
	objectVersion = 50;
	objects = {

/* Begin PBXBuildFile section */
		722E0DEB26D618090031F706 /* SearchBarView.swift in Sources */ = {isa = PBXBuildFile; fileRef = 722E0DEA26D618090031F706 /* SearchBarView.swift */; };
		724707BF26D8C86000BCEF46 /* TabBarView.swift in Sources */ = {isa = PBXBuildFile; fileRef = 724707BE26D8C86000BCEF46 /* TabBarView.swift */; };
		724707C226D8C9D300BCEF46 /* ReviewsView.swift in Sources */ = {isa = PBXBuildFile; fileRef = 724707C126D8C9D300BCEF46 /* ReviewsView.swift */; };
		724C673D26CFB76C0012C8F7 /* AppDelegate.swift in Sources */ = {isa = PBXBuildFile; fileRef = 724C673C26CFB76C0012C8F7 /* AppDelegate.swift */; };
		724C673F26CFB76C0012C8F7 /* SceneDelegate.swift in Sources */ = {isa = PBXBuildFile; fileRef = 724C673E26CFB76C0012C8F7 /* SceneDelegate.swift */; };
		724C674126CFB76C0012C8F7 /* ContentView.swift in Sources */ = {isa = PBXBuildFile; fileRef = 724C674026CFB76C0012C8F7 /* ContentView.swift */; };
		724C674326CFB76D0012C8F7 /* Assets.xcassets in Resources */ = {isa = PBXBuildFile; fileRef = 724C674226CFB76D0012C8F7 /* Assets.xcassets */; };
		724C674626CFB76D0012C8F7 /* Preview Assets.xcassets in Resources */ = {isa = PBXBuildFile; fileRef = 724C674526CFB76D0012C8F7 /* Preview Assets.xcassets */; };
		724C674926CFB76D0012C8F7 /* LaunchScreen.storyboard in Resources */ = {isa = PBXBuildFile; fileRef = 724C674726CFB76D0012C8F7 /* LaunchScreen.storyboard */; };
		72E6C0E826D3877D00EE7EAB /* CardView.swift in Sources */ = {isa = PBXBuildFile; fileRef = 72E6C0E726D3877D00EE7EAB /* CardView.swift */; };
		72E6C11726D39D8200EE7EAB /* TabViewDesign.swift in Sources */ = {isa = PBXBuildFile; fileRef = 72E6C11626D39D8200EE7EAB /* TabViewDesign.swift */; };
		72E6C13E26D3A2E500EE7EAB /* HomeView.swift in Sources */ = {isa = PBXBuildFile; fileRef = 72E6C13D26D3A2E500EE7EAB /* HomeView.swift */; };
		72E833DD26D409F400BD8DE3 /* OrderView.swift in Sources */ = {isa = PBXBuildFile; fileRef = 72E833DC26D409F400BD8DE3 /* OrderView.swift */; };
		72E833DF26D40B6A00BD8DE3 /* Products.swift in Sources */ = {isa = PBXBuildFile; fileRef = 72E833DE26D40B6A00BD8DE3 /* Products.swift */; };
		72EE1B9B26D4F1A100EE5FCC /* TopFiltersView.swift in Sources */ = {isa = PBXBuildFile; fileRef = 72EE1B9A26D4F1A100EE5FCC /* TopFiltersView.swift */; };
		72F4E5CD26D7B7EC0073C7A1 /* DescriptionView.swift in Sources */ = {isa = PBXBuildFile; fileRef = 72F4E5CC26D7B7EC0073C7A1 /* DescriptionView.swift */; };
/* End PBXBuildFile section */

/* Begin PBXFileReference section */
		722E0DEA26D618090031F706 /* SearchBarView.swift */ = {isa = PBXFileReference; lastKnownFileType = sourcecode.swift; path = SearchBarView.swift; sourceTree = "<group>"; };
		724707BE26D8C86000BCEF46 /* TabBarView.swift */ = {isa = PBXFileReference; lastKnownFileType = sourcecode.swift; path = TabBarView.swift; sourceTree = "<group>"; };
		724707C126D8C9D300BCEF46 /* ReviewsView.swift */ = {isa = PBXFileReference; lastKnownFileType = sourcecode.swift; path = ReviewsView.swift; sourceTree = "<group>"; };
		724C673926CFB76C0012C8F7 /* FoodDelivery.app */ = {isa = PBXFileReference; explicitFileType = wrapper.application; includeInIndex = 0; path = FoodDelivery.app; sourceTree = BUILT_PRODUCTS_DIR; };
		724C673C26CFB76C0012C8F7 /* AppDelegate.swift */ = {isa = PBXFileReference; lastKnownFileType = sourcecode.swift; path = AppDelegate.swift; sourceTree = "<group>"; };
		724C673E26CFB76C0012C8F7 /* SceneDelegate.swift */ = {isa = PBXFileReference; lastKnownFileType = sourcecode.swift; path = SceneDelegate.swift; sourceTree = "<group>"; };
		724C674026CFB76C0012C8F7 /* ContentView.swift */ = {isa = PBXFileReference; lastKnownFileType = sourcecode.swift; path = ContentView.swift; sourceTree = "<group>"; };
		724C674226CFB76D0012C8F7 /* Assets.xcassets */ = {isa = PBXFileReference; lastKnownFileType = folder.assetcatalog; path = Assets.xcassets; sourceTree = "<group>"; };
		724C674526CFB76D0012C8F7 /* Preview Assets.xcassets */ = {isa = PBXFileReference; lastKnownFileType = folder.assetcatalog; path = "Preview Assets.xcassets"; sourceTree = "<group>"; };
		724C674826CFB76D0012C8F7 /* Base */ = {isa = PBXFileReference; lastKnownFileType = file.storyboard; name = Base; path = Base.lproj/LaunchScreen.storyboard; sourceTree = "<group>"; };
		724C674A26CFB76D0012C8F7 /* Info.plist */ = {isa = PBXFileReference; lastKnownFileType = text.plist.xml; path = Info.plist; sourceTree = "<group>"; };
		72E6C0E726D3877D00EE7EAB /* CardView.swift */ = {isa = PBXFileReference; lastKnownFileType = sourcecode.swift; path = CardView.swift; sourceTree = "<group>"; };
		72E6C11626D39D8200EE7EAB /* TabViewDesign.swift */ = {isa = PBXFileReference; lastKnownFileType = sourcecode.swift; path = TabViewDesign.swift; sourceTree = "<group>"; };
		72E6C13D26D3A2E500EE7EAB /* HomeView.swift */ = {isa = PBXFileReference; lastKnownFileType = sourcecode.swift; path = HomeView.swift; sourceTree = "<group>"; };
		72E833DC26D409F400BD8DE3 /* OrderView.swift */ = {isa = PBXFileReference; lastKnownFileType = sourcecode.swift; path = OrderView.swift; sourceTree = "<group>"; };
		72E833DE26D40B6A00BD8DE3 /* Products.swift */ = {isa = PBXFileReference; lastKnownFileType = sourcecode.swift; path = Products.swift; sourceTree = "<group>"; };
		72EE1B9A26D4F1A100EE5FCC /* TopFiltersView.swift */ = {isa = PBXFileReference; lastKnownFileType = sourcecode.swift; path = TopFiltersView.swift; sourceTree = "<group>"; };
		72F4E5CC26D7B7EC0073C7A1 /* DescriptionView.swift */ = {isa = PBXFileReference; lastKnownFileType = sourcecode.swift; path = DescriptionView.swift; sourceTree = "<group>"; };
/* End PBXFileReference section */

/* Begin PBXFrameworksBuildPhase section */
		724C673626CFB76C0012C8F7 /* Frameworks */ = {
			isa = PBXFrameworksBuildPhase;
			buildActionMask = 2147483647;
			files = (
			);
			runOnlyForDeploymentPostprocessing = 0;
		};
/* End PBXFrameworksBuildPhase section */

/* Begin PBXGroup section */
		724707BC26D8B64700BCEF46 /* SubViewsOfOrderView */ = {
			isa = PBXGroup;
			children = (
				72EE1B9A26D4F1A100EE5FCC /* TopFiltersView.swift */,
				72E6C0E726D3877D00EE7EAB /* CardView.swift */,
			);
			path = SubViewsOfOrderView;
			sourceTree = "<group>";
		};
		724707BD26D8B74100BCEF46 /* SubViewsOfTabView */ = {
			isa = PBXGroup;
			children = (
				722E0DEA26D618090031F706 /* SearchBarView.swift */,
			);
			path = SubViewsOfTabView;
			sourceTree = "<group>";
		};
		724707C026D8C98000BCEF46 /* SubViewsOfDescriptionView */ = {
			isa = PBXGroup;
			children = (
				724707BE26D8C86000BCEF46 /* TabBarView.swift */,
				724707C126D8C9D300BCEF46 /* ReviewsView.swift */,
			);
			path = SubViewsOfDescriptionView;
			sourceTree = "<group>";
		};
		724C673026CFB76C0012C8F7 = {
			isa = PBXGroup;
			children = (
				724C673B26CFB76C0012C8F7 /* FoodDelivery */,
				724C673A26CFB76C0012C8F7 /* Products */,
			);
			sourceTree = "<group>";
		};
		724C673A26CFB76C0012C8F7 /* Products */ = {
			isa = PBXGroup;
			children = (
				724C673926CFB76C0012C8F7 /* FoodDelivery.app */,
			);
			name = Products;
			sourceTree = "<group>";
		};
		724C673B26CFB76C0012C8F7 /* FoodDelivery */ = {
			isa = PBXGroup;
			children = (
				72E6C0E626D3875A00EE7EAB /* Views */,
				724C675026CFB95B0012C8F7 /* Model */,
				724C673C26CFB76C0012C8F7 /* AppDelegate.swift */,
				724C673E26CFB76C0012C8F7 /* SceneDelegate.swift */,
				724C674026CFB76C0012C8F7 /* ContentView.swift */,
				724C674226CFB76D0012C8F7 /* Assets.xcassets */,
				724C674726CFB76D0012C8F7 /* LaunchScreen.storyboard */,
				724C674A26CFB76D0012C8F7 /* Info.plist */,
				724C674426CFB76D0012C8F7 /* Preview Content */,
			);
			path = FoodDelivery;
			sourceTree = "<group>";
		};
		724C674426CFB76D0012C8F7 /* Preview Content */ = {
			isa = PBXGroup;
			children = (
				724C674526CFB76D0012C8F7 /* Preview Assets.xcassets */,
			);
			path = "Preview Content";
			sourceTree = "<group>";
		};
		724C675026CFB95B0012C8F7 /* Model */ = {
			isa = PBXGroup;
			children = (
				72E833DE26D40B6A00BD8DE3 /* Products.swift */,
			);
			path = Model;
			sourceTree = "<group>";
		};
		72E6C0E626D3875A00EE7EAB /* Views */ = {
			isa = PBXGroup;
			children = (
				72E6C13D26D3A2E500EE7EAB /* HomeView.swift */,
				72E6C11626D39D8200EE7EAB /* TabViewDesign.swift */,
				724707BD26D8B74100BCEF46 /* SubViewsOfTabView */,
				72E833DC26D409F400BD8DE3 /* OrderView.swift */,
				724707BC26D8B64700BCEF46 /* SubViewsOfOrderView */,
				72F4E5CC26D7B7EC0073C7A1 /* DescriptionView.swift */,
				724707C026D8C98000BCEF46 /* SubViewsOfDescriptionView */,
			);
			path = Views;
			sourceTree = "<group>";
		};
/* End PBXGroup section */

/* Begin PBXNativeTarget section */
		724C673826CFB76C0012C8F7 /* FoodDelivery */ = {
			isa = PBXNativeTarget;
			buildConfigurationList = 724C674D26CFB76D0012C8F7 /* Build configuration list for PBXNativeTarget "FoodDelivery" */;
			buildPhases = (
				724C673526CFB76C0012C8F7 /* Sources */,
				724C673626CFB76C0012C8F7 /* Frameworks */,
				724C673726CFB76C0012C8F7 /* Resources */,
			);
			buildRules = (
			);
			dependencies = (
			);
			name = FoodDelivery;
			productName = FoodDelivery;
			productReference = 724C673926CFB76C0012C8F7 /* FoodDelivery.app */;
			productType = "com.apple.product-type.application";
		};
/* End PBXNativeTarget section */

/* Begin PBXProject section */
		724C673126CFB76C0012C8F7 /* Project object */ = {
			isa = PBXProject;
			attributes = {
				LastSwiftUpdateCheck = 1250;
				LastUpgradeCheck = 1250;
				TargetAttributes = {
					724C673826CFB76C0012C8F7 = {
						CreatedOnToolsVersion = 12.5.1;
					};
				};
			};
			buildConfigurationList = 724C673426CFB76C0012C8F7 /* Build configuration list for PBXProject "FoodDelivery" */;
			compatibilityVersion = "Xcode 9.3";
			developmentRegion = en;
			hasScannedForEncodings = 0;
			knownRegions = (
				en,
				Base,
			);
			mainGroup = 724C673026CFB76C0012C8F7;
			productRefGroup = 724C673A26CFB76C0012C8F7 /* Products */;
			projectDirPath = "";
			projectRoot = "";
			targets = (
				724C673826CFB76C0012C8F7 /* FoodDelivery */,
			);
		};
/* End PBXProject section */

/* Begin PBXResourcesBuildPhase section */
		724C673726CFB76C0012C8F7 /* Resources */ = {
			isa = PBXResourcesBuildPhase;
			buildActionMask = 2147483647;
			files = (
				724C674926CFB76D0012C8F7 /* LaunchScreen.storyboard in Resources */,
				724C674626CFB76D0012C8F7 /* Preview Assets.xcassets in Resources */,
				724C674326CFB76D0012C8F7 /* Assets.xcassets in Resources */,
			);
			runOnlyForDeploymentPostprocessing = 0;
		};
/* End PBXResourcesBuildPhase section */

/* Begin PBXSourcesBuildPhase section */
		724C673526CFB76C0012C8F7 /* Sources */ = {
			isa = PBXSourcesBuildPhase;
			buildActionMask = 2147483647;
			files = (
				722E0DEB26D618090031F706 /* SearchBarView.swift in Sources */,
				72E833DF26D40B6A00BD8DE3 /* Products.swift in Sources */,
				72E6C11726D39D8200EE7EAB /* TabViewDesign.swift in Sources */,
				72E833DD26D409F400BD8DE3 /* OrderView.swift in Sources */,
				72E6C13E26D3A2E500EE7EAB /* HomeView.swift in Sources */,
				724707C226D8C9D300BCEF46 /* ReviewsView.swift in Sources */,
				724C673D26CFB76C0012C8F7 /* AppDelegate.swift in Sources */,
				72EE1B9B26D4F1A100EE5FCC /* TopFiltersView.swift in Sources */,
				72F4E5CD26D7B7EC0073C7A1 /* DescriptionView.swift in Sources */,
				724C673F26CFB76C0012C8F7 /* SceneDelegate.swift in Sources */,
				724C674126CFB76C0012C8F7 /* ContentView.swift in Sources */,
				724707BF26D8C86000BCEF46 /* TabBarView.swift in Sources */,
				72E6C0E826D3877D00EE7EAB /* CardView.swift in Sources */,
			);
			runOnlyForDeploymentPostprocessing = 0;
		};
/* End PBXSourcesBuildPhase section */

/* Begin PBXVariantGroup section */
		724C674726CFB76D0012C8F7 /* LaunchScreen.storyboard */ = {
			isa = PBXVariantGroup;
			children = (
				724C674826CFB76D0012C8F7 /* Base */,
			);
			name = LaunchScreen.storyboard;
			sourceTree = "<group>";
		};
/* End PBXVariantGroup section */

/* Begin XCBuildConfiguration section */
		724C674B26CFB76D0012C8F7 /* Debug */ = {
			isa = XCBuildConfiguration;
			buildSettings = {
				ALWAYS_SEARCH_USER_PATHS = NO;
				CLANG_ANALYZER_NONNULL = YES;
				CLANG_ANALYZER_NUMBER_OBJECT_CONVERSION = YES_AGGRESSIVE;
				CLANG_CXX_LANGUAGE_STANDARD = "gnu++14";
				CLANG_CXX_LIBRARY = "libc++";
				CLANG_ENABLE_MODULES = YES;
				CLANG_ENABLE_OBJC_ARC = YES;
				CLANG_ENABLE_OBJC_WEAK = YES;
				CLANG_WARN_BLOCK_CAPTURE_AUTORELEASING = YES;
				CLANG_WARN_BOOL_CONVERSION = YES;
				CLANG_WARN_COMMA = YES;
				CLANG_WARN_CONSTANT_CONVERSION = YES;
				CLANG_WARN_DEPRECATED_OBJC_IMPLEMENTATIONS = YES;
				CLANG_WARN_DIRECT_OBJC_ISA_USAGE = YES_ERROR;
				CLANG_WARN_DOCUMENTATION_COMMENTS = YES;
				CLANG_WARN_EMPTY_BODY = YES;
				CLANG_WARN_ENUM_CONVERSION = YES;
				CLANG_WARN_INFINITE_RECURSION = YES;
				CLANG_WARN_INT_CONVERSION = YES;
				CLANG_WARN_NON_LITERAL_NULL_CONVERSION = YES;
				CLANG_WARN_OBJC_IMPLICIT_RETAIN_SELF = YES;
				CLANG_WARN_OBJC_LITERAL_CONVERSION = YES;
				CLANG_WARN_OBJC_ROOT_CLASS = YES_ERROR;
				CLANG_WARN_QUOTED_INCLUDE_IN_FRAMEWORK_HEADER = YES;
				CLANG_WARN_RANGE_LOOP_ANALYSIS = YES;
				CLANG_WARN_STRICT_PROTOTYPES = YES;
				CLANG_WARN_SUSPICIOUS_MOVE = YES;
				CLANG_WARN_UNGUARDED_AVAILABILITY = YES_AGGRESSIVE;
				CLANG_WARN_UNREACHABLE_CODE = YES;
				CLANG_WARN__DUPLICATE_METHOD_MATCH = YES;
				COPY_PHASE_STRIP = NO;
				DEBUG_INFORMATION_FORMAT = dwarf;
				ENABLE_STRICT_OBJC_MSGSEND = YES;
				ENABLE_TESTABILITY = YES;
				GCC_C_LANGUAGE_STANDARD = gnu11;
				GCC_DYNAMIC_NO_PIC = NO;
				GCC_NO_COMMON_BLOCKS = YES;
				GCC_OPTIMIZATION_LEVEL = 0;
				GCC_PREPROCESSOR_DEFINITIONS = (
					"DEBUG=1",
					"$(inherited)",
				);
				GCC_WARN_64_TO_32_BIT_CONVERSION = YES;
				GCC_WARN_ABOUT_RETURN_TYPE = YES_ERROR;
				GCC_WARN_UNDECLARED_SELECTOR = YES;
				GCC_WARN_UNINITIALIZED_AUTOS = YES_AGGRESSIVE;
				GCC_WARN_UNUSED_FUNCTION = YES;
				GCC_WARN_UNUSED_VARIABLE = YES;
				IPHONEOS_DEPLOYMENT_TARGET = 14.5;
				MTL_ENABLE_DEBUG_INFO = INCLUDE_SOURCE;
				MTL_FAST_MATH = YES;
				ONLY_ACTIVE_ARCH = YES;
				SDKROOT = iphoneos;
				SWIFT_ACTIVE_COMPILATION_CONDITIONS = DEBUG;
				SWIFT_OPTIMIZATION_LEVEL = "-Onone";
			};
			name = Debug;
		};
		724C674C26CFB76D0012C8F7 /* Release */ = {
			isa = XCBuildConfiguration;
			buildSettings = {
				ALWAYS_SEARCH_USER_PATHS = NO;
				CLANG_ANALYZER_NONNULL = YES;
				CLANG_ANALYZER_NUMBER_OBJECT_CONVERSION = YES_AGGRESSIVE;
				CLANG_CXX_LANGUAGE_STANDARD = "gnu++14";
				CLANG_CXX_LIBRARY = "libc++";
				CLANG_ENABLE_MODULES = YES;
				CLANG_ENABLE_OBJC_ARC = YES;
				CLANG_ENABLE_OBJC_WEAK = YES;
				CLANG_WARN_BLOCK_CAPTURE_AUTORELEASING = YES;
				CLANG_WARN_BOOL_CONVERSION = YES;
				CLANG_WARN_COMMA = YES;
				CLANG_WARN_CONSTANT_CONVERSION = YES;
				CLANG_WARN_DEPRECATED_OBJC_IMPLEMENTATIONS = YES;
				CLANG_WARN_DIRECT_OBJC_ISA_USAGE = YES_ERROR;
				CLANG_WARN_DOCUMENTATION_COMMENTS = YES;
				CLANG_WARN_EMPTY_BODY = YES;
				CLANG_WARN_ENUM_CONVERSION = YES;
				CLANG_WARN_INFINITE_RECURSION = YES;
				CLANG_WARN_INT_CONVERSION = YES;
				CLANG_WARN_NON_LITERAL_NULL_CONVERSION = YES;
				CLANG_WARN_OBJC_IMPLICIT_RETAIN_SELF = YES;
				CLANG_WARN_OBJC_LITERAL_CONVERSION = YES;
				CLANG_WARN_OBJC_ROOT_CLASS = YES_ERROR;
				CLANG_WARN_QUOTED_INCLUDE_IN_FRAMEWORK_HEADER = YES;
				CLANG_WARN_RANGE_LOOP_ANALYSIS = YES;
				CLANG_WARN_STRICT_PROTOTYPES = YES;
				CLANG_WARN_SUSPICIOUS_MOVE = YES;
				CLANG_WARN_UNGUARDED_AVAILABILITY = YES_AGGRESSIVE;
				CLANG_WARN_UNREACHABLE_CODE = YES;
				CLANG_WARN__DUPLICATE_METHOD_MATCH = YES;
				COPY_PHASE_STRIP = NO;
				DEBUG_INFORMATION_FORMAT = "dwarf-with-dsym";
				ENABLE_NS_ASSERTIONS = NO;
				ENABLE_STRICT_OBJC_MSGSEND = YES;
				GCC_C_LANGUAGE_STANDARD = gnu11;
				GCC_NO_COMMON_BLOCKS = YES;
				GCC_WARN_64_TO_32_BIT_CONVERSION = YES;
				GCC_WARN_ABOUT_RETURN_TYPE = YES_ERROR;
				GCC_WARN_UNDECLARED_SELECTOR = YES;
				GCC_WARN_UNINITIALIZED_AUTOS = YES_AGGRESSIVE;
				GCC_WARN_UNUSED_FUNCTION = YES;
				GCC_WARN_UNUSED_VARIABLE = YES;
				IPHONEOS_DEPLOYMENT_TARGET = 14.5;
				MTL_ENABLE_DEBUG_INFO = NO;
				MTL_FAST_MATH = YES;
				SDKROOT = iphoneos;
				SWIFT_COMPILATION_MODE = wholemodule;
				SWIFT_OPTIMIZATION_LEVEL = "-O";
				VALIDATE_PRODUCT = YES;
			};
			name = Release;
		};
		724C674E26CFB76D0012C8F7 /* Debug */ = {
			isa = XCBuildConfiguration;
			buildSettings = {
				ASSETCATALOG_COMPILER_APPICON_NAME = AppIcon;
				ASSETCATALOG_COMPILER_GLOBAL_ACCENT_COLOR_NAME = AccentColor;
				CODE_SIGN_STYLE = Automatic;
				DEVELOPMENT_ASSET_PATHS = "\"FoodDelivery/Preview Content\"";
				ENABLE_PREVIEWS = YES;
				INFOPLIST_FILE = FoodDelivery/Info.plist;
				LD_RUNPATH_SEARCH_PATHS = (
					"$(inherited)",
					"@executable_path/Frameworks",
				);
				PRODUCT_BUNDLE_IDENTIFIER = abhishek.cynoteck.FoodDelivery;
				PRODUCT_NAME = "$(TARGET_NAME)";
				SWIFT_VERSION = 5.0;
				TARGETED_DEVICE_FAMILY = "1,2";
			};
			name = Debug;
		};
		724C674F26CFB76D0012C8F7 /* Release */ = {
			isa = XCBuildConfiguration;
			buildSettings = {
				ASSETCATALOG_COMPILER_APPICON_NAME = AppIcon;
				ASSETCATALOG_COMPILER_GLOBAL_ACCENT_COLOR_NAME = AccentColor;
				CODE_SIGN_STYLE = Automatic;
				DEVELOPMENT_ASSET_PATHS = "\"FoodDelivery/Preview Content\"";
				ENABLE_PREVIEWS = YES;
				INFOPLIST_FILE = FoodDelivery/Info.plist;
				LD_RUNPATH_SEARCH_PATHS = (
					"$(inherited)",
					"@executable_path/Frameworks",
				);
				PRODUCT_BUNDLE_IDENTIFIER = abhishek.cynoteck.FoodDelivery;
				PRODUCT_NAME = "$(TARGET_NAME)";
				SWIFT_VERSION = 5.0;
				TARGETED_DEVICE_FAMILY = "1,2";
			};
			name = Release;
		};
/* End XCBuildConfiguration section */

/* Begin XCConfigurationList section */
		724C673426CFB76C0012C8F7 /* Build configuration list for PBXProject "FoodDelivery" */ = {
			isa = XCConfigurationList;
			buildConfigurations = (
				724C674B26CFB76D0012C8F7 /* Debug */,
				724C674C26CFB76D0012C8F7 /* Release */,
			);
			defaultConfigurationIsVisible = 0;
			defaultConfigurationName = Release;
		};
		724C674D26CFB76D0012C8F7 /* Build configuration list for PBXNativeTarget "FoodDelivery" */ = {
			isa = XCConfigurationList;
			buildConfigurations = (
				724C674E26CFB76D0012C8F7 /* Debug */,
				724C674F26CFB76D0012C8F7 /* Release */,
			);
			defaultConfigurationIsVisible = 0;
			defaultConfigurationName = Release;
		};
/* End XCConfigurationList section */
	};
	rootObject = 724C673126CFB76C0012C8F7 /* Project object */;
}
